// !$*UTF8*$!
{
	archiveVersion = 1;
	classes = {
	};
	objectVersion = 46;
	objects = {

/* Begin PBXBuildFile section */
		A1A6E3E41CD48455001FA07B /* main.m in Sources */ = {isa = PBXBuildFile; fileRef = A1A6E3E31CD48455001FA07B /* main.m */; };
		A1A6E3E71CD48455001FA07B /* AppDelegate.m in Sources */ = {isa = PBXBuildFile; fileRef = A1A6E3E61CD48455001FA07B /* AppDelegate.m */; };
		A1A6E3EF1CD48455001FA07B /* Assets.xcassets in Resources */ = {isa = PBXBuildFile; fileRef = A1A6E3EE1CD48455001FA07B /* Assets.xcassets */; };
		A1A6E3F21CD48455001FA07B /* LaunchScreen.storyboard in Resources */ = {isa = PBXBuildFile; fileRef = A1A6E3F01CD48455001FA07B /* LaunchScreen.storyboard */; };
		A1A6E3FD1CD48455001FA07B /* RHProjectTests.m in Sources */ = {isa = PBXBuildFile; fileRef = A1A6E3FC1CD48455001FA07B /* RHProjectTests.m */; };
		A1A6E4081CD48455001FA07B /* RHProjectUITests.m in Sources */ = {isa = PBXBuildFile; fileRef = A1A6E4071CD48455001FA07B /* RHProjectUITests.m */; };
		A1A6E4181CD484A1001FA07B /* RHMenuViewController.m in Sources */ = {isa = PBXBuildFile; fileRef = A1A6E4171CD484A1001FA07B /* RHMenuViewController.m */; };
		A1A6E41B1CD484B0001FA07B /* RHMenuView.m in Sources */ = {isa = PBXBuildFile; fileRef = A1A6E41A1CD484B0001FA07B /* RHMenuView.m */; };
		A1A6E41E1CD484C7001FA07B /* RHMenuButtonItem.m in Sources */ = {isa = PBXBuildFile; fileRef = A1A6E41D1CD484C7001FA07B /* RHMenuButtonItem.m */; };
		A1A6E4221CD4A0B5001FA07B /* OneViewController.m in Sources */ = {isa = PBXBuildFile; fileRef = A1A6E4211CD4A0B5001FA07B /* OneViewController.m */; };
		A1A6E4251CD4A0BB001FA07B /* TwoViewController.m in Sources */ = {isa = PBXBuildFile; fileRef = A1A6E4241CD4A0BB001FA07B /* TwoViewController.m */; };
		A1A6E4281CD4A0C2001FA07B /* ThreeViewController.m in Sources */ = {isa = PBXBuildFile; fileRef = A1A6E4271CD4A0C2001FA07B /* ThreeViewController.m */; };
		A1A6E42B1CD4A0CB001FA07B /* FourViewController.m in Sources */ = {isa = PBXBuildFile; fileRef = A1A6E42A1CD4A0CB001FA07B /* FourViewController.m */; };
		A1A6E42E1CD4A0D1001FA07B /* FiveViewController.m in Sources */ = {isa = PBXBuildFile; fileRef = A1A6E42D1CD4A0D1001FA07B /* FiveViewController.m */; };
/* End PBXBuildFile section */

/* Begin PBXContainerItemProxy section */
		A1A6E3F91CD48455001FA07B /* PBXContainerItemProxy */ = {
			isa = PBXContainerItemProxy;
			containerPortal = A1A6E3D71CD48455001FA07B /* Project object */;
			proxyType = 1;
			remoteGlobalIDString = A1A6E3DE1CD48455001FA07B;
			remoteInfo = RHProject;
		};
		A1A6E4041CD48455001FA07B /* PBXContainerItemProxy */ = {
			isa = PBXContainerItemProxy;
			containerPortal = A1A6E3D71CD48455001FA07B /* Project object */;
			proxyType = 1;
			remoteGlobalIDString = A1A6E3DE1CD48455001FA07B;
			remoteInfo = RHProject;
		};
/* End PBXContainerItemProxy section */

/* Begin PBXFileReference section */
		A1A6E3DF1CD48455001FA07B /* RHProject.app */ = {isa = PBXFileReference; explicitFileType = wrapper.application; includeInIndex = 0; path = RHProject.app; sourceTree = BUILT_PRODUCTS_DIR; };
		A1A6E3E31CD48455001FA07B /* main.m */ = {isa = PBXFileReference; lastKnownFileType = sourcecode.c.objc; path = main.m; sourceTree = "<group>"; };
		A1A6E3E51CD48455001FA07B /* AppDelegate.h */ = {isa = PBXFileReference; lastKnownFileType = sourcecode.c.h; path = AppDelegate.h; sourceTree = "<group>"; };
		A1A6E3E61CD48455001FA07B /* AppDelegate.m */ = {isa = PBXFileReference; lastKnownFileType = sourcecode.c.objc; path = AppDelegate.m; sourceTree = "<group>"; };
		A1A6E3EE1CD48455001FA07B /* Assets.xcassets */ = {isa = PBXFileReference; lastKnownFileType = folder.assetcatalog; path = Assets.xcassets; sourceTree = "<group>"; };
		A1A6E3F11CD48455001FA07B /* Base */ = {isa = PBXFileReference; lastKnownFileType = file.storyboard; name = Base; path = Base.lproj/LaunchScreen.storyboard; sourceTree = "<group>"; };
		A1A6E3F31CD48455001FA07B /* Info.plist */ = {isa = PBXFileReference; lastKnownFileType = text.plist.xml; path = Info.plist; sourceTree = "<group>"; };
		A1A6E3F81CD48455001FA07B /* RHProjectTests.xctest */ = {isa = PBXFileReference; explicitFileType = wrapper.cfbundle; includeInIndex = 0; path = RHProjectTests.xctest; sourceTree = BUILT_PRODUCTS_DIR; };
		A1A6E3FC1CD48455001FA07B /* RHProjectTests.m */ = {isa = PBXFileReference; lastKnownFileType = sourcecode.c.objc; path = RHProjectTests.m; sourceTree = "<group>"; };
		A1A6E3FE1CD48455001FA07B /* Info.plist */ = {isa = PBXFileReference; lastKnownFileType = text.plist.xml; path = Info.plist; sourceTree = "<group>"; };
		A1A6E4031CD48455001FA07B /* RHProjectUITests.xctest */ = {isa = PBXFileReference; explicitFileType = wrapper.cfbundle; includeInIndex = 0; path = RHProjectUITests.xctest; sourceTree = BUILT_PRODUCTS_DIR; };
		A1A6E4071CD48455001FA07B /* RHProjectUITests.m */ = {isa = PBXFileReference; lastKnownFileType = sourcecode.c.objc; path = RHProjectUITests.m; sourceTree = "<group>"; };
		A1A6E4091CD48455001FA07B /* Info.plist */ = {isa = PBXFileReference; lastKnownFileType = text.plist.xml; path = Info.plist; sourceTree = "<group>"; };
		A1A6E4161CD484A1001FA07B /* RHMenuViewController.h */ = {isa = PBXFileReference; fileEncoding = 4; lastKnownFileType = sourcecode.c.h; path = RHMenuViewController.h; sourceTree = "<group>"; };
		A1A6E4171CD484A1001FA07B /* RHMenuViewController.m */ = {isa = PBXFileReference; fileEncoding = 4; lastKnownFileType = sourcecode.c.objc; path = RHMenuViewController.m; sourceTree = "<group>"; };
		A1A6E4191CD484B0001FA07B /* RHMenuView.h */ = {isa = PBXFileReference; fileEncoding = 4; lastKnownFileType = sourcecode.c.h; path = RHMenuView.h; sourceTree = "<group>"; };
		A1A6E41A1CD484B0001FA07B /* RHMenuView.m */ = {isa = PBXFileReference; fileEncoding = 4; lastKnownFileType = sourcecode.c.objc; path = RHMenuView.m; sourceTree = "<group>"; };
		A1A6E41C1CD484C7001FA07B /* RHMenuButtonItem.h */ = {isa = PBXFileReference; fileEncoding = 4; lastKnownFileType = sourcecode.c.h; path = RHMenuButtonItem.h; sourceTree = "<group>"; };
		A1A6E41D1CD484C7001FA07B /* RHMenuButtonItem.m */ = {isa = PBXFileReference; fileEncoding = 4; lastKnownFileType = sourcecode.c.objc; path = RHMenuButtonItem.m; sourceTree = "<group>"; };
		A1A6E41F1CD4881C001FA07B /* RHHeader.h */ = {isa = PBXFileReference; lastKnownFileType = sourcecode.c.h; path = RHHeader.h; sourceTree = "<group>"; };
		A1A6E4201CD4A0B5001FA07B /* OneViewController.h */ = {isa = PBXFileReference; fileEncoding = 4; lastKnownFileType = sourcecode.c.h; path = OneViewController.h; sourceTree = "<group>"; };
		A1A6E4211CD4A0B5001FA07B /* OneViewController.m */ = {isa = PBXFileReference; fileEncoding = 4; lastKnownFileType = sourcecode.c.objc; path = OneViewController.m; sourceTree = "<group>"; };
		A1A6E4231CD4A0BB001FA07B /* TwoViewController.h */ = {isa = PBXFileReference; fileEncoding = 4; lastKnownFileType = sourcecode.c.h; path = TwoViewController.h; sourceTree = "<group>"; };
		A1A6E4241CD4A0BB001FA07B /* TwoViewController.m */ = {isa = PBXFileReference; fileEncoding = 4; lastKnownFileType = sourcecode.c.objc; path = TwoViewController.m; sourceTree = "<group>"; };
		A1A6E4261CD4A0C2001FA07B /* ThreeViewController.h */ = {isa = PBXFileReference; fileEncoding = 4; lastKnownFileType = sourcecode.c.h; path = ThreeViewController.h; sourceTree = "<group>"; };
		A1A6E4271CD4A0C2001FA07B /* ThreeViewController.m */ = {isa = PBXFileReference; fileEncoding = 4; lastKnownFileType = sourcecode.c.objc; path = ThreeViewController.m; sourceTree = "<group>"; };
		A1A6E4291CD4A0CB001FA07B /* FourViewController.h */ = {isa = PBXFileReference; fileEncoding = 4; lastKnownFileType = sourcecode.c.h; path = FourViewController.h; sourceTree = "<group>"; };
		A1A6E42A1CD4A0CB001FA07B /* FourViewController.m */ = {isa = PBXFileReference; fileEncoding = 4; lastKnownFileType = sourcecode.c.objc; path = FourViewController.m; sourceTree = "<group>"; };
		A1A6E42C1CD4A0D1001FA07B /* FiveViewController.h */ = {isa = PBXFileReference; fileEncoding = 4; lastKnownFileType = sourcecode.c.h; path = FiveViewController.h; sourceTree = "<group>"; };
		A1A6E42D1CD4A0D1001FA07B /* FiveViewController.m */ = {isa = PBXFileReference; fileEncoding = 4; lastKnownFileType = sourcecode.c.objc; path = FiveViewController.m; sourceTree = "<group>"; };
/* End PBXFileReference section */

/* Begin PBXFrameworksBuildPhase section */
		A1A6E3DC1CD48455001FA07B /* Frameworks */ = {
			isa = PBXFrameworksBuildPhase;
			buildActionMask = 2147483647;
			files = (
			);
			runOnlyForDeploymentPostprocessing = 0;
		};
		A1A6E3F51CD48455001FA07B /* Frameworks */ = {
			isa = PBXFrameworksBuildPhase;
			buildActionMask = 2147483647;
			files = (
			);
			runOnlyForDeploymentPostprocessing = 0;
		};
		A1A6E4001CD48455001FA07B /* Frameworks */ = {
			isa = PBXFrameworksBuildPhase;
			buildActionMask = 2147483647;
			files = (
			);
			runOnlyForDeploymentPostprocessing = 0;
		};
/* End PBXFrameworksBuildPhase section */

/* Begin PBXGroup section */
		A1A6E3D61CD48455001FA07B = {
			isa = PBXGroup;
			children = (
				A1A6E3E11CD48455001FA07B /* RHProject */,
				A1A6E3FB1CD48455001FA07B /* RHProjectTests */,
				A1A6E4061CD48455001FA07B /* RHProjectUITests */,
				A1A6E3E01CD48455001FA07B /* Products */,
			);
			sourceTree = "<group>";
		};
		A1A6E3E01CD48455001FA07B /* Products */ = {
			isa = PBXGroup;
			children = (
				A1A6E3DF1CD48455001FA07B /* RHProject.app */,
				A1A6E3F81CD48455001FA07B /* RHProjectTests.xctest */,
				A1A6E4031CD48455001FA07B /* RHProjectUITests.xctest */,
			);
			name = Products;
			sourceTree = "<group>";
		};
		A1A6E3E11CD48455001FA07B /* RHProject */ = {
			isa = PBXGroup;
			children = (
				A1A6E4151CD4846D001FA07B /* RHMenuController */,
				A1A6E3E51CD48455001FA07B /* AppDelegate.h */,
				A1A6E3E61CD48455001FA07B /* AppDelegate.m */,
				A1A6E4201CD4A0B5001FA07B /* OneViewController.h */,
				A1A6E4211CD4A0B5001FA07B /* OneViewController.m */,
				A1A6E4231CD4A0BB001FA07B /* TwoViewController.h */,
				A1A6E4241CD4A0BB001FA07B /* TwoViewController.m */,
				A1A6E4261CD4A0C2001FA07B /* ThreeViewController.h */,
				A1A6E4271CD4A0C2001FA07B /* ThreeViewController.m */,
				A1A6E4291CD4A0CB001FA07B /* FourViewController.h */,
				A1A6E42A1CD4A0CB001FA07B /* FourViewController.m */,
				A1A6E42C1CD4A0D1001FA07B /* FiveViewController.h */,
				A1A6E42D1CD4A0D1001FA07B /* FiveViewController.m */,
				A1A6E3EE1CD48455001FA07B /* Assets.xcassets */,
				A1A6E3F01CD48455001FA07B /* LaunchScreen.storyboard */,
				A1A6E3F31CD48455001FA07B /* Info.plist */,
				A1A6E3E21CD48455001FA07B /* Supporting Files */,
			);
			path = RHProject;
			sourceTree = "<group>";
		};
		A1A6E3E21CD48455001FA07B /* Supporting Files */ = {
			isa = PBXGroup;
			children = (
				A1A6E3E31CD48455001FA07B /* main.m */,
			);
			name = "Supporting Files";
			sourceTree = "<group>";
		};
		A1A6E3FB1CD48455001FA07B /* RHProjectTests */ = {
			isa = PBXGroup;
			children = (
				A1A6E3FC1CD48455001FA07B /* RHProjectTests.m */,
				A1A6E3FE1CD48455001FA07B /* Info.plist */,
			);
			path = RHProjectTests;
			sourceTree = "<group>";
		};
		A1A6E4061CD48455001FA07B /* RHProjectUITests */ = {
			isa = PBXGroup;
			children = (
				A1A6E4071CD48455001FA07B /* RHProjectUITests.m */,
				A1A6E4091CD48455001FA07B /* Info.plist */,
			);
			path = RHProjectUITests;
			sourceTree = "<group>";
		};
		A1A6E4151CD4846D001FA07B /* RHMenuController */ = {
			isa = PBXGroup;
			children = (
				A1A6E4161CD484A1001FA07B /* RHMenuViewController.h */,
				A1A6E4171CD484A1001FA07B /* RHMenuViewController.m */,
				A1A6E4191CD484B0001FA07B /* RHMenuView.h */,
				A1A6E41A1CD484B0001FA07B /* RHMenuView.m */,
				A1A6E41C1CD484C7001FA07B /* RHMenuButtonItem.h */,
				A1A6E41D1CD484C7001FA07B /* RHMenuButtonItem.m */,
				A1A6E41F1CD4881C001FA07B /* RHHeader.h */,
			);
			name = RHMenuController;
			sourceTree = "<group>";
		};
/* End PBXGroup section */

/* Begin PBXNativeTarget section */
		A1A6E3DE1CD48455001FA07B /* RHProject */ = {
			isa = PBXNativeTarget;
			buildConfigurationList = A1A6E40C1CD48455001FA07B /* Build configuration list for PBXNativeTarget "RHProject" */;
			buildPhases = (
				A1A6E3DB1CD48455001FA07B /* Sources */,
				A1A6E3DC1CD48455001FA07B /* Frameworks */,
				A1A6E3DD1CD48455001FA07B /* Resources */,
			);
			buildRules = (
			);
			dependencies = (
			);
			name = RHProject;
			productName = RHProject;
			productReference = A1A6E3DF1CD48455001FA07B /* RHProject.app */;
			productType = "com.apple.product-type.application";
		};
		A1A6E3F71CD48455001FA07B /* RHProjectTests */ = {
			isa = PBXNativeTarget;
			buildConfigurationList = A1A6E40F1CD48455001FA07B /* Build configuration list for PBXNativeTarget "RHProjectTests" */;
			buildPhases = (
				A1A6E3F41CD48455001FA07B /* Sources */,
				A1A6E3F51CD48455001FA07B /* Frameworks */,
				A1A6E3F61CD48455001FA07B /* Resources */,
			);
			buildRules = (
			);
			dependencies = (
				A1A6E3FA1CD48455001FA07B /* PBXTargetDependency */,
			);
			name = RHProjectTests;
			productName = RHProjectTests;
			productReference = A1A6E3F81CD48455001FA07B /* RHProjectTests.xctest */;
			productType = "com.apple.product-type.bundle.unit-test";
		};
		A1A6E4021CD48455001FA07B /* RHProjectUITests */ = {
			isa = PBXNativeTarget;
			buildConfigurationList = A1A6E4121CD48455001FA07B /* Build configuration list for PBXNativeTarget "RHProjectUITests" */;
			buildPhases = (
				A1A6E3FF1CD48455001FA07B /* Sources */,
				A1A6E4001CD48455001FA07B /* Frameworks */,
				A1A6E4011CD48455001FA07B /* Resources */,
			);
			buildRules = (
			);
			dependencies = (
				A1A6E4051CD48455001FA07B /* PBXTargetDependency */,
			);
			name = RHProjectUITests;
			productName = RHProjectUITests;
			productReference = A1A6E4031CD48455001FA07B /* RHProjectUITests.xctest */;
			productType = "com.apple.product-type.bundle.ui-testing";
		};
/* End PBXNativeTarget section */

/* Begin PBXProject section */
		A1A6E3D71CD48455001FA07B /* Project object */ = {
			isa = PBXProject;
			attributes = {
				LastUpgradeCheck = 0720;
				ORGANIZATIONNAME = Abner_G;
				TargetAttributes = {
					A1A6E3DE1CD48455001FA07B = {
						CreatedOnToolsVersion = 7.2.1;
					};
					A1A6E3F71CD48455001FA07B = {
						CreatedOnToolsVersion = 7.2.1;
						TestTargetID = A1A6E3DE1CD48455001FA07B;
					};
					A1A6E4021CD48455001FA07B = {
						CreatedOnToolsVersion = 7.2.1;
						TestTargetID = A1A6E3DE1CD48455001FA07B;
					};
				};
			};
			buildConfigurationList = A1A6E3DA1CD48455001FA07B /* Build configuration list for PBXProject "RHProject" */;
			compatibilityVersion = "Xcode 3.2";
			developmentRegion = English;
			hasScannedForEncodings = 0;
			knownRegions = (
				en,
				Base,
			);
			mainGroup = A1A6E3D61CD48455001FA07B;
			productRefGroup = A1A6E3E01CD48455001FA07B /* Products */;
			projectDirPath = "";
			projectRoot = "";
			targets = (
				A1A6E3DE1CD48455001FA07B /* RHProject */,
				A1A6E3F71CD48455001FA07B /* RHProjectTests */,
				A1A6E4021CD48455001FA07B /* RHProjectUITests */,
			);
		};
/* End PBXProject section */

/* Begin PBXResourcesBuildPhase section */
		A1A6E3DD1CD48455001FA07B /* Resources */ = {
			isa = PBXResourcesBuildPhase;
			buildActionMask = 2147483647;
			files = (
				A1A6E3F21CD48455001FA07B /* LaunchScreen.storyboard in Resources */,
				A1A6E3EF1CD48455001FA07B /* Assets.xcassets in Resources */,
			);
			runOnlyForDeploymentPostprocessing = 0;
		};
		A1A6E3F61CD48455001FA07B /* Resources */ = {
			isa = PBXResourcesBuildPhase;
			buildActionMask = 2147483647;
			files = (
			);
			runOnlyForDeploymentPostprocessing = 0;
		};
		A1A6E4011CD48455001FA07B /* Resources */ = {
			isa = PBXResourcesBuildPhase;
			buildActionMask = 2147483647;
			files = (
			);
			runOnlyForDeploymentPostprocessing = 0;
		};
/* End PBXResourcesBuildPhase section */

/* Begin PBXSourcesBuildPhase section */
		A1A6E3DB1CD48455001FA07B /* Sources */ = {
			isa = PBXSourcesBuildPhase;
			buildActionMask = 2147483647;
			files = (
				A1A6E4251CD4A0BB001FA07B /* TwoViewController.m in Sources */,
				A1A6E3E71CD48455001FA07B /* AppDelegate.m in Sources */,
				A1A6E41B1CD484B0001FA07B /* RHMenuView.m in Sources */,
				A1A6E42B1CD4A0CB001FA07B /* FourViewController.m in Sources */,
				A1A6E42E1CD4A0D1001FA07B /* FiveViewController.m in Sources */,
				A1A6E3E41CD48455001FA07B /* main.m in Sources */,
				A1A6E4221CD4A0B5001FA07B /* OneViewController.m in Sources */,
				A1A6E4181CD484A1001FA07B /* RHMenuViewController.m in Sources */,
				A1A6E41E1CD484C7001FA07B /* RHMenuButtonItem.m in Sources */,
				A1A6E4281CD4A0C2001FA07B /* ThreeViewController.m in Sources */,
			);
			runOnlyForDeploymentPostprocessing = 0;
		};
		A1A6E3F41CD48455001FA07B /* Sources */ = {
			isa = PBXSourcesBuildPhase;
			buildActionMask = 2147483647;
			files = (
				A1A6E3FD1CD48455001FA07B /* RHProjectTests.m in Sources */,
			);
			runOnlyForDeploymentPostprocessing = 0;
		};
		A1A6E3FF1CD48455001FA07B /* Sources */ = {
			isa = PBXSourcesBuildPhase;
			buildActionMask = 2147483647;
			files = (
				A1A6E4081CD48455001FA07B /* RHProjectUITests.m in Sources */,
			);
			runOnlyForDeploymentPostprocessing = 0;
		};
/* End PBXSourcesBuildPhase section */

/* Begin PBXTargetDependency section */
		A1A6E3FA1CD48455001FA07B /* PBXTargetDependency */ = {
			isa = PBXTargetDependency;
			target = A1A6E3DE1CD48455001FA07B /* RHProject */;
			targetProxy = A1A6E3F91CD48455001FA07B /* PBXContainerItemProxy */;
		};
		A1A6E4051CD48455001FA07B /* PBXTargetDependency */ = {
			isa = PBXTargetDependency;
			target = A1A6E3DE1CD48455001FA07B /* RHProject */;
			targetProxy = A1A6E4041CD48455001FA07B /* PBXContainerItemProxy */;
		};
/* End PBXTargetDependency section */

/* Begin PBXVariantGroup section */
		A1A6E3F01CD48455001FA07B /* LaunchScreen.storyboard */ = {
			isa = PBXVariantGroup;
			children = (
				A1A6E3F11CD48455001FA07B /* Base */,
			);
			name = LaunchScreen.storyboard;
			sourceTree = "<group>";
		};
/* End PBXVariantGroup section */

/* Begin XCBuildConfiguration section */
		A1A6E40A1CD48455001FA07B /* Debug */ = {
			isa = XCBuildConfiguration;
			buildSettings = {
				ALWAYS_SEARCH_USER_PATHS = NO;
				CLANG_CXX_LANGUAGE_STANDARD = "gnu++0x";
				CLANG_CXX_LIBRARY = "libc++";
				CLANG_ENABLE_MODULES = YES;
				CLANG_ENABLE_OBJC_ARC = YES;
				CLANG_WARN_BOOL_CONVERSION = YES;
				CLANG_WARN_CONSTANT_CONVERSION = YES;
				CLANG_WARN_DIRECT_OBJC_ISA_USAGE = YES_ERROR;
				CLANG_WARN_EMPTY_BODY = YES;
				CLANG_WARN_ENUM_CONVERSION = YES;
				CLANG_WARN_INT_CONVERSION = YES;
				CLANG_WARN_OBJC_ROOT_CLASS = YES_ERROR;
				CLANG_WARN_UNREACHABLE_CODE = YES;
				CLANG_WARN__DUPLICATE_METHOD_MATCH = YES;
				"CODE_SIGN_IDENTITY[sdk=iphoneos*]" = "iPhone Developer";
				COPY_PHASE_STRIP = NO;
				DEBUG_INFORMATION_FORMAT = dwarf;
				ENABLE_STRICT_OBJC_MSGSEND = YES;
				ENABLE_TESTABILITY = YES;
				GCC_C_LANGUAGE_STANDARD = gnu99;
				GCC_DYNAMIC_NO_PIC = NO;
				GCC_NO_COMMON_BLOCKS = YES;
				GCC_OPTIMIZATION_LEVEL = 0;
				GCC_PREPROCESSOR_DEFINITIONS = (
					"DEBUG=1",
					"$(inherited)",
				);
				GCC_WARN_64_TO_32_BIT_CONVERSION = YES;
				GCC_WARN_ABOUT_RETURN_TYPE = YES_ERROR;
				GCC_WARN_UNDECLARED_SELECTOR = YES;
				GCC_WARN_UNINITIALIZED_AUTOS = YES_AGGRESSIVE;
				GCC_WARN_UNUSED_FUNCTION = YES;
				GCC_WARN_UNUSED_VARIABLE = YES;
				IPHONEOS_DEPLOYMENT_TARGET = 9.2;
				MTL_ENABLE_DEBUG_INFO = YES;
				ONLY_ACTIVE_ARCH = YES;
				SDKROOT = iphoneos;
			};
			name = Debug;
		};
		A1A6E40B1CD48455001FA07B /* Release */ = {
			isa = XCBuildConfiguration;
			buildSettings = {
				ALWAYS_SEARCH_USER_PATHS = NO;
				CLANG_CXX_LANGUAGE_STANDARD = "gnu++0x";
				CLANG_CXX_LIBRARY = "libc++";
				CLANG_ENABLE_MODULES = YES;
				CLANG_ENABLE_OBJC_ARC = YES;
				CLANG_WARN_BOOL_CONVERSION = YES;
				CLANG_WARN_CONSTANT_CONVERSION = YES;
				CLANG_WARN_DIRECT_OBJC_ISA_USAGE = YES_ERROR;
				CLANG_WARN_EMPTY_BODY = YES;
				CLANG_WARN_ENUM_CONVERSION = YES;
				CLANG_WARN_INT_CONVERSION = YES;
				CLANG_WARN_OBJC_ROOT_CLASS = YES_ERROR;
				CLANG_WARN_UNREACHABLE_CODE = YES;
				CLANG_WARN__DUPLICATE_METHOD_MATCH = YES;
				"CODE_SIGN_IDENTITY[sdk=iphoneos*]" = "iPhone Developer";
				COPY_PHASE_STRIP = NO;
				DEBUG_INFORMATION_FORMAT = "dwarf-with-dsym";
				ENABLE_NS_ASSERTIONS = NO;
				ENABLE_STRICT_OBJC_MSGSEND = YES;
				GCC_C_LANGUAGE_STANDARD = gnu99;
				GCC_NO_COMMON_BLOCKS = YES;
				GCC_WARN_64_TO_32_BIT_CONVERSION = YES;
				GCC_WARN_ABOUT_RETURN_TYPE = YES_ERROR;
				GCC_WARN_UNDECLARED_SELECTOR = YES;
				GCC_WARN_UNINITIALIZED_AUTOS = YES_AGGRESSIVE;
				GCC_WARN_UNUSED_FUNCTION = YES;
				GCC_WARN_UNUSED_VARIABLE = YES;
				IPHONEOS_DEPLOYMENT_TARGET = 9.2;
				MTL_ENABLE_DEBUG_INFO = NO;
				SDKROOT = iphoneos;
				VALIDATE_PRODUCT = YES;
			};
			name = Release;
		};
		A1A6E40D1CD48455001FA07B /* Debug */ = {
			isa = XCBuildConfiguration;
			buildSettings = {
				ASSETCATALOG_COMPILER_APPICON_NAME = AppIcon;
				INFOPLIST_FILE = RHProject/Info.plist;
				LD_RUNPATH_SEARCH_PATHS = "$(inherited) @executable_path/Frameworks";
				PRODUCT_BUNDLE_IDENTIFIER = com.xiaohao.RHProject;
				PRODUCT_NAME = "$(TARGET_NAME)";
			};
			name = Debug;
		};
		A1A6E40E1CD48455001FA07B /* Release */ = {
			isa = XCBuildConfiguration;
			buildSettings = {
				ASSETCATALOG_COMPILER_APPICON_NAME = AppIcon;
				INFOPLIST_FILE = RHProject/Info.plist;
				LD_RUNPATH_SEARCH_PATHS = "$(inherited) @executable_path/Frameworks";
				PRODUCT_BUNDLE_IDENTIFIER = com.xiaohao.RHProject;
				PRODUCT_NAME = "$(TARGET_NAME)";
			};
			name = Release;
		};
		A1A6E4101CD48455001FA07B /* Debug */ = {
			isa = XCBuildConfiguration;
			buildSettings = {
				BUNDLE_LOADER = "$(TEST_HOST)";
				INFOPLIST_FILE = RHProjectTests/Info.plist;
				LD_RUNPATH_SEARCH_PATHS = "$(inherited) @executable_path/Frameworks @loader_path/Frameworks";
				PRODUCT_BUNDLE_IDENTIFIER = com.xiaohao.RHProjectTests;
				PRODUCT_NAME = "$(TARGET_NAME)";
				TEST_HOST = "$(BUILT_PRODUCTS_DIR)/RHProject.app/RHProject";
			};
			name = Debug;
		};
		A1A6E4111CD48455001FA07B /* Release */ = {
			isa = XCBuildConfiguration;
			buildSettings = {
				BUNDLE_LOADER = "$(TEST_HOST)";
				INFOPLIST_FILE = RHProjectTests/Info.plist;
				LD_RUNPATH_SEARCH_PATHS = "$(inherited) @executable_path/Frameworks @loader_path/Frameworks";
				PRODUCT_BUNDLE_IDENTIFIER = com.xiaohao.RHProjectTests;
				PRODUCT_NAME = "$(TARGET_NAME)";
				TEST_HOST = "$(BUILT_PRODUCTS_DIR)/RHProject.app/RHProject";
			};
			name = Release;
		};
		A1A6E4131CD48455001FA07B /* Debug */ = {
			isa = XCBuildConfiguration;
			buildSettings = {
				INFOPLIST_FILE = RHProjectUITests/Info.plist;
				LD_RUNPATH_SEARCH_PATHS = "$(inherited) @executable_path/Frameworks @loader_path/Frameworks";
				PRODUCT_BUNDLE_IDENTIFIER = com.xiaohao.RHProjectUITests;
				PRODUCT_NAME = "$(TARGET_NAME)";
				TEST_TARGET_NAME = RHProject;
				USES_XCTRUNNER = YES;
			};
			name = Debug;
		};
		A1A6E4141CD48455001FA07B /* Release */ = {
			isa = XCBuildConfiguration;
			buildSettings = {
				INFOPLIST_FILE = RHProjectUITests/Info.plist;
				LD_RUNPATH_SEARCH_PATHS = "$(inherited) @executable_path/Frameworks @loader_path/Frameworks";
				PRODUCT_BUNDLE_IDENTIFIER = com.xiaohao.RHProjectUITests;
				PRODUCT_NAME = "$(TARGET_NAME)";
				TEST_TARGET_NAME = RHProject;
				USES_XCTRUNNER = YES;
			};
			name = Release;
		};
/* End XCBuildConfiguration section */

/* Begin XCConfigurationList section */
		A1A6E3DA1CD48455001FA07B /* Build configuration list for PBXProject "RHProject" */ = {
			isa = XCConfigurationList;
			buildConfigurations = (
				A1A6E40A1CD48455001FA07B /* Debug */,
				A1A6E40B1CD48455001FA07B /* Release */,
			);
			defaultConfigurationIsVisible = 0;
			defaultConfigurationName = Release;
		};
		A1A6E40C1CD48455001FA07B /* Build configuration list for PBXNativeTarget "RHProject" */ = {
			isa = XCConfigurationList;
			buildConfigurations = (
				A1A6E40D1CD48455001FA07B /* Debug */,
				A1A6E40E1CD48455001FA07B /* Release */,
			);
			defaultConfigurationIsVisible = 0;
		};
		A1A6E40F1CD48455001FA07B /* Build configuration list for PBXNativeTarget "RHProjectTests" */ = {
			isa = XCConfigurationList;
			buildConfigurations = (
				A1A6E4101CD48455001FA07B /* Debug */,
				A1A6E4111CD48455001FA07B /* Release */,
			);
			defaultConfigurationIsVisible = 0;
		};
		A1A6E4121CD48455001FA07B /* Build configuration list for PBXNativeTarget "RHProjectUITests" */ = {
			isa = XCConfigurationList;
			buildConfigurations = (
				A1A6E4131CD48455001FA07B /* Debug */,
				A1A6E4141CD48455001FA07B /* Release */,
			);
			defaultConfigurationIsVisible = 0;
		};
/* End XCConfigurationList section */
	};
	rootObject = A1A6E3D71CD48455001FA07B /* Project object */;
}
